
Microsoft Visual Studio Solution File, Format Version 12.00
# Visual Studio Version 17
VisualStudioVersion = 17.7.33808.371
MinimumVisualStudioVersion = 10.0.40219.1
Project("{9A19103F-16F7-4668-BE54-9A1E7A4F7556}") = "TwoSum", "TwoSum\TwoSum.csproj", "{8E5A9BA2-7FBD-4673-BCB7-DD988742F248}"
EndProject
Project("{9A19103F-16F7-4668-BE54-9A1E7A4F7556}") = "PalindromeNumber", "PalindromeNumber\PalindromeNumber.csproj", "{FF68D3ED-821B-4867-9022-F5A1E504009B}"
EndProject
Project("{9A19103F-16F7-4668-BE54-9A1E7A4F7556}") = "RomanToInteger", "RomanToInteger\RomanToInteger.csproj", "{B0AA2714-B8AB-4942-A3F0-352827F68490}"
EndProject
Project("{9A19103F-16F7-4668-BE54-9A1E7A4F7556}") = "LongestCommonPrefix", "LongestCommonPrefix\LongestCommonPrefix.csproj", "{C857DA7A-3BFC-45DB-B6E2-6DA11FAB0EE4}"
EndProject
Project("{9A19103F-16F7-4668-BE54-9A1E7A4F7556}") = "ValidParentheses", "ValidParentheses\ValidParentheses.csproj", "{72458580-8B98-4D58-8F08-DE9D8AA5225E}"
EndProject
Project("{9A19103F-16F7-4668-BE54-9A1E7A4F7556}") = "MergeTwoSortedLists", "MergeTwoSortedLists\MergeTwoSortedLists.csproj", "{20591ECE-49A3-4136-9C92-BB46C9CD38EC}"
EndProject
Project("{9A19103F-16F7-4668-BE54-9A1E7A4F7556}") = "RemoveDuplicatesfromSortedArray", "RemoveDuplicatesfromSortedArray\RemoveDuplicatesfromSortedArray.csproj", "{3E546766-243B-4182-80FE-55BEA6D83863}"
EndProject
Project("{9A19103F-16F7-4668-BE54-9A1E7A4F7556}") = "RemoveElement", "RemoveElement\RemoveElement.csproj", "{1F7958BE-1BF8-4BBD-9A57-6C9CF91DC7AA}"
EndProject
Project("{9A19103F-16F7-4668-BE54-9A1E7A4F7556}") = "Find the Index of the First Occurrence in a String", "Find the Index of the First Occurrence in a String\Find the Index of the First Occurrence in a String.csproj", "{EFD03ADD-D859-429B-A143-F4DE53CAACA3}"
EndProject
Project("{9A19103F-16F7-4668-BE54-9A1E7A4F7556}") = "Search Insert Position", "Search Insert Position\Search Insert Position.csproj", "{12B59B47-32EB-4177-BBD3-1EB79926ED5A}"
EndProject
Project("{9A19103F-16F7-4668-BE54-9A1E7A4F7556}") = "Length of Last Word", "Length of Last Word\Length of Last Word.csproj", "{CBB6116F-F552-4AB8-B3AA-2BE7FA6B9E85}"
EndProject
Project("{9A19103F-16F7-4668-BE54-9A1E7A4F7556}") = "Plus One", "Plus One\Plus One.csproj", "{61ADBA9E-D5F8-4016-821C-130554812597}"
EndProject
Project("{9A19103F-16F7-4668-BE54-9A1E7A4F7556}") = "Add Binary", "Add Binary\Add Binary.csproj", "{8F69A84E-0915-4552-9539-520B1DA6AA05}"
EndProject
Project("{9A19103F-16F7-4668-BE54-9A1E7A4F7556}") = "Sqrt(x)", "Sqrt(x)\Sqrt(x).csproj", "{D20191FD-DFC4-49BB-A06A-2FBE09E27924}"
EndProject
Project("{9A19103F-16F7-4668-BE54-9A1E7A4F7556}") = "Climbing Stairs", "Climbing Stairs\Climbing Stairs.csproj", "{D229DFB3-1268-46FB-A213-E31788F53AD5}"
EndProject
Project("{9A19103F-16F7-4668-BE54-9A1E7A4F7556}") = "Remove Duplicates from Sorted List", "Remove Duplicates from Sorted List\Remove Duplicates from Sorted List.csproj", "{B21FF257-5C8A-4518-A2B8-5DDA60EDB922}"
EndProject
Project("{9A19103F-16F7-4668-BE54-9A1E7A4F7556}") = "Merge Sorted Array", "Merge Sorted Array\Merge Sorted Array.csproj", "{FEEAFD58-C4DD-4608-97B6-7A6281CD0439}"
EndProject
Project("{9A19103F-16F7-4668-BE54-9A1E7A4F7556}") = "Binary Tree Inorder Traversal", "Binary Tree Inorder Traversal\Binary Tree Inorder Traversal.csproj", "{AA73C5BA-85B8-4659-8D96-3BBF27E6933E}"
EndProject
Project("{9A19103F-16F7-4668-BE54-9A1E7A4F7556}") = "Same Tree", "Same Tree\Same Tree.csproj", "{C35DAC43-5E31-4773-AF7A-599431DC399D}"
EndProject
Project("{9A19103F-16F7-4668-BE54-9A1E7A4F7556}") = "Symmetric Tree", "Symmetric Tree\Symmetric Tree.csproj", "{3F9ADF10-31F5-4576-9E94-9D9F2B008455}"
EndProject
Project("{9A19103F-16F7-4668-BE54-9A1E7A4F7556}") = "Maximum Depth of Binary Tree", "Maximum Depth of Binary Tree\Maximum Depth of Binary Tree.csproj", "{D89102A1-BDC9-4582-833B-D0E5A18AB782}"
EndProject
Project("{9A19103F-16F7-4668-BE54-9A1E7A4F7556}") = "Convert Sorted Array to Binary Search Tree", "Convert Sorted Array to Binary Search Tree\Convert Sorted Array to Binary Search Tree.csproj", "{C5DAEA66-7B0F-4E26-BFF9-C0A57F254619}"
EndProject
Project("{9A19103F-16F7-4668-BE54-9A1E7A4F7556}") = "Balanced Binary Tree", "Balanced Binary Tree\Balanced Binary Tree.csproj", "{3AA90DA8-ED0C-46DD-BAD3-24BA4034BC75}"
EndProject
Project("{9A19103F-16F7-4668-BE54-9A1E7A4F7556}") = "Minimum Depth of Binary Tree", "Minimum Depth of Binary Tree\Minimum Depth of Binary Tree.csproj", "{E4763C17-2725-4202-AEA1-C2743BC1230A}"
EndProject
Project("{9A19103F-16F7-4668-BE54-9A1E7A4F7556}") = "Path Sum", "Path Sum\Path Sum.csproj", "{8A161813-59B8-4B7D-AE98-66A8D8E99C70}"
EndProject
Project("{FAE04EC0-301F-11D3-BF4B-00C04F79EFBC}") = "Single Number", "Single Number\Single Number.csproj", "{D74692A0-EDA3-4898-AECD-B901918587A4}"
EndProject
Global
	GlobalSection(SolutionConfigurationPlatforms) = preSolution
		Debug|Any CPU = Debug|Any CPU
		Release|Any CPU = Release|Any CPU
	EndGlobalSection
	GlobalSection(ProjectConfigurationPlatforms) = postSolution
		{8E5A9BA2-7FBD-4673-BCB7-DD988742F248}.Debug|Any CPU.ActiveCfg = Debug|Any CPU
		{8E5A9BA2-7FBD-4673-BCB7-DD988742F248}.Debug|Any CPU.Build.0 = Debug|Any CPU
		{8E5A9BA2-7FBD-4673-BCB7-DD988742F248}.Release|Any CPU.ActiveCfg = Release|Any CPU
		{8E5A9BA2-7FBD-4673-BCB7-DD988742F248}.Release|Any CPU.Build.0 = Release|Any CPU
		{FF68D3ED-821B-4867-9022-F5A1E504009B}.Debug|Any CPU.ActiveCfg = Debug|Any CPU
		{FF68D3ED-821B-4867-9022-F5A1E504009B}.Debug|Any CPU.Build.0 = Debug|Any CPU
		{FF68D3ED-821B-4867-9022-F5A1E504009B}.Release|Any CPU.ActiveCfg = Release|Any CPU
		{FF68D3ED-821B-4867-9022-F5A1E504009B}.Release|Any CPU.Build.0 = Release|Any CPU
		{B0AA2714-B8AB-4942-A3F0-352827F68490}.Debug|Any CPU.ActiveCfg = Debug|Any CPU
		{B0AA2714-B8AB-4942-A3F0-352827F68490}.Debug|Any CPU.Build.0 = Debug|Any CPU
		{B0AA2714-B8AB-4942-A3F0-352827F68490}.Release|Any CPU.ActiveCfg = Release|Any CPU
		{B0AA2714-B8AB-4942-A3F0-352827F68490}.Release|Any CPU.Build.0 = Release|Any CPU
		{C857DA7A-3BFC-45DB-B6E2-6DA11FAB0EE4}.Debug|Any CPU.ActiveCfg = Debug|Any CPU
		{C857DA7A-3BFC-45DB-B6E2-6DA11FAB0EE4}.Debug|Any CPU.Build.0 = Debug|Any CPU
		{C857DA7A-3BFC-45DB-B6E2-6DA11FAB0EE4}.Release|Any CPU.ActiveCfg = Release|Any CPU
		{C857DA7A-3BFC-45DB-B6E2-6DA11FAB0EE4}.Release|Any CPU.Build.0 = Release|Any CPU
		{72458580-8B98-4D58-8F08-DE9D8AA5225E}.Debug|Any CPU.ActiveCfg = Debug|Any CPU
		{72458580-8B98-4D58-8F08-DE9D8AA5225E}.Debug|Any CPU.Build.0 = Debug|Any CPU
		{72458580-8B98-4D58-8F08-DE9D8AA5225E}.Release|Any CPU.ActiveCfg = Release|Any CPU
		{72458580-8B98-4D58-8F08-DE9D8AA5225E}.Release|Any CPU.Build.0 = Release|Any CPU
		{20591ECE-49A3-4136-9C92-BB46C9CD38EC}.Debug|Any CPU.ActiveCfg = Debug|Any CPU
		{20591ECE-49A3-4136-9C92-BB46C9CD38EC}.Debug|Any CPU.Build.0 = Debug|Any CPU
		{20591ECE-49A3-4136-9C92-BB46C9CD38EC}.Release|Any CPU.ActiveCfg = Release|Any CPU
		{20591ECE-49A3-4136-9C92-BB46C9CD38EC}.Release|Any CPU.Build.0 = Release|Any CPU
		{3E546766-243B-4182-80FE-55BEA6D83863}.Debug|Any CPU.ActiveCfg = Debug|Any CPU
		{3E546766-243B-4182-80FE-55BEA6D83863}.Debug|Any CPU.Build.0 = Debug|Any CPU
		{3E546766-243B-4182-80FE-55BEA6D83863}.Release|Any CPU.ActiveCfg = Release|Any CPU
		{3E546766-243B-4182-80FE-55BEA6D83863}.Release|Any CPU.Build.0 = Release|Any CPU
		{1F7958BE-1BF8-4BBD-9A57-6C9CF91DC7AA}.Debug|Any CPU.ActiveCfg = Debug|Any CPU
		{1F7958BE-1BF8-4BBD-9A57-6C9CF91DC7AA}.Debug|Any CPU.Build.0 = Debug|Any CPU
		{1F7958BE-1BF8-4BBD-9A57-6C9CF91DC7AA}.Release|Any CPU.ActiveCfg = Release|Any CPU
		{1F7958BE-1BF8-4BBD-9A57-6C9CF91DC7AA}.Release|Any CPU.Build.0 = Release|Any CPU
		{EFD03ADD-D859-429B-A143-F4DE53CAACA3}.Debug|Any CPU.ActiveCfg = Debug|Any CPU
		{EFD03ADD-D859-429B-A143-F4DE53CAACA3}.Debug|Any CPU.Build.0 = Debug|Any CPU
		{EFD03ADD-D859-429B-A143-F4DE53CAACA3}.Release|Any CPU.ActiveCfg = Release|Any CPU
		{EFD03ADD-D859-429B-A143-F4DE53CAACA3}.Release|Any CPU.Build.0 = Release|Any CPU
		{12B59B47-32EB-4177-BBD3-1EB79926ED5A}.Debug|Any CPU.ActiveCfg = Debug|Any CPU
		{12B59B47-32EB-4177-BBD3-1EB79926ED5A}.Debug|Any CPU.Build.0 = Debug|Any CPU
		{12B59B47-32EB-4177-BBD3-1EB79926ED5A}.Release|Any CPU.ActiveCfg = Release|Any CPU
		{12B59B47-32EB-4177-BBD3-1EB79926ED5A}.Release|Any CPU.Build.0 = Release|Any CPU
		{CBB6116F-F552-4AB8-B3AA-2BE7FA6B9E85}.Debug|Any CPU.ActiveCfg = Debug|Any CPU
		{CBB6116F-F552-4AB8-B3AA-2BE7FA6B9E85}.Debug|Any CPU.Build.0 = Debug|Any CPU
		{CBB6116F-F552-4AB8-B3AA-2BE7FA6B9E85}.Release|Any CPU.ActiveCfg = Release|Any CPU
		{CBB6116F-F552-4AB8-B3AA-2BE7FA6B9E85}.Release|Any CPU.Build.0 = Release|Any CPU
		{61ADBA9E-D5F8-4016-821C-130554812597}.Debug|Any CPU.ActiveCfg = Debug|Any CPU
		{61ADBA9E-D5F8-4016-821C-130554812597}.Debug|Any CPU.Build.0 = Debug|Any CPU
		{61ADBA9E-D5F8-4016-821C-130554812597}.Release|Any CPU.ActiveCfg = Release|Any CPU
		{61ADBA9E-D5F8-4016-821C-130554812597}.Release|Any CPU.Build.0 = Release|Any CPU
		{8F69A84E-0915-4552-9539-520B1DA6AA05}.Debug|Any CPU.ActiveCfg = Debug|Any CPU
		{8F69A84E-0915-4552-9539-520B1DA6AA05}.Debug|Any CPU.Build.0 = Debug|Any CPU
		{8F69A84E-0915-4552-9539-520B1DA6AA05}.Release|Any CPU.ActiveCfg = Release|Any CPU
		{8F69A84E-0915-4552-9539-520B1DA6AA05}.Release|Any CPU.Build.0 = Release|Any CPU
		{D20191FD-DFC4-49BB-A06A-2FBE09E27924}.Debug|Any CPU.ActiveCfg = Debug|Any CPU
		{D20191FD-DFC4-49BB-A06A-2FBE09E27924}.Debug|Any CPU.Build.0 = Debug|Any CPU
		{D20191FD-DFC4-49BB-A06A-2FBE09E27924}.Release|Any CPU.ActiveCfg = Release|Any CPU
		{D20191FD-DFC4-49BB-A06A-2FBE09E27924}.Release|Any CPU.Build.0 = Release|Any CPU
		{D229DFB3-1268-46FB-A213-E31788F53AD5}.Debug|Any CPU.ActiveCfg = Debug|Any CPU
		{D229DFB3-1268-46FB-A213-E31788F53AD5}.Debug|Any CPU.Build.0 = Debug|Any CPU
		{D229DFB3-1268-46FB-A213-E31788F53AD5}.Release|Any CPU.ActiveCfg = Release|Any CPU
		{D229DFB3-1268-46FB-A213-E31788F53AD5}.Release|Any CPU.Build.0 = Release|Any CPU
		{B21FF257-5C8A-4518-A2B8-5DDA60EDB922}.Debug|Any CPU.ActiveCfg = Debug|Any CPU
		{B21FF257-5C8A-4518-A2B8-5DDA60EDB922}.Debug|Any CPU.Build.0 = Debug|Any CPU
		{B21FF257-5C8A-4518-A2B8-5DDA60EDB922}.Release|Any CPU.ActiveCfg = Release|Any CPU
		{B21FF257-5C8A-4518-A2B8-5DDA60EDB922}.Release|Any CPU.Build.0 = Release|Any CPU
		{FEEAFD58-C4DD-4608-97B6-7A6281CD0439}.Debug|Any CPU.ActiveCfg = Debug|Any CPU
		{FEEAFD58-C4DD-4608-97B6-7A6281CD0439}.Debug|Any CPU.Build.0 = Debug|Any CPU
		{FEEAFD58-C4DD-4608-97B6-7A6281CD0439}.Release|Any CPU.ActiveCfg = Release|Any CPU
		{FEEAFD58-C4DD-4608-97B6-7A6281CD0439}.Release|Any CPU.Build.0 = Release|Any CPU
		{AA73C5BA-85B8-4659-8D96-3BBF27E6933E}.Debug|Any CPU.ActiveCfg = Debug|Any CPU
		{AA73C5BA-85B8-4659-8D96-3BBF27E6933E}.Debug|Any CPU.Build.0 = Debug|Any CPU
		{AA73C5BA-85B8-4659-8D96-3BBF27E6933E}.Release|Any CPU.ActiveCfg = Release|Any CPU
		{AA73C5BA-85B8-4659-8D96-3BBF27E6933E}.Release|Any CPU.Build.0 = Release|Any CPU
		{C35DAC43-5E31-4773-AF7A-599431DC399D}.Debug|Any CPU.ActiveCfg = Debug|Any CPU
		{C35DAC43-5E31-4773-AF7A-599431DC399D}.Debug|Any CPU.Build.0 = Debug|Any CPU
		{C35DAC43-5E31-4773-AF7A-599431DC399D}.Release|Any CPU.ActiveCfg = Release|Any CPU
		{C35DAC43-5E31-4773-AF7A-599431DC399D}.Release|Any CPU.Build.0 = Release|Any CPU
		{3F9ADF10-31F5-4576-9E94-9D9F2B008455}.Debug|Any CPU.ActiveCfg = Debug|Any CPU
		{3F9ADF10-31F5-4576-9E94-9D9F2B008455}.Debug|Any CPU.Build.0 = Debug|Any CPU
		{3F9ADF10-31F5-4576-9E94-9D9F2B008455}.Release|Any CPU.ActiveCfg = Release|Any CPU
		{3F9ADF10-31F5-4576-9E94-9D9F2B008455}.Release|Any CPU.Build.0 = Release|Any CPU
		{D89102A1-BDC9-4582-833B-D0E5A18AB782}.Debug|Any CPU.ActiveCfg = Debug|Any CPU
		{D89102A1-BDC9-4582-833B-D0E5A18AB782}.Debug|Any CPU.Build.0 = Debug|Any CPU
		{D89102A1-BDC9-4582-833B-D0E5A18AB782}.Release|Any CPU.ActiveCfg = Release|Any CPU
		{D89102A1-BDC9-4582-833B-D0E5A18AB782}.Release|Any CPU.Build.0 = Release|Any CPU
		{C5DAEA66-7B0F-4E26-BFF9-C0A57F254619}.Debug|Any CPU.ActiveCfg = Debug|Any CPU
		{C5DAEA66-7B0F-4E26-BFF9-C0A57F254619}.Debug|Any CPU.Build.0 = Debug|Any CPU
		{C5DAEA66-7B0F-4E26-BFF9-C0A57F254619}.Release|Any CPU.ActiveCfg = Release|Any CPU
		{C5DAEA66-7B0F-4E26-BFF9-C0A57F254619}.Release|Any CPU.Build.0 = Release|Any CPU
		{3AA90DA8-ED0C-46DD-BAD3-24BA4034BC75}.Debug|Any CPU.ActiveCfg = Debug|Any CPU
		{3AA90DA8-ED0C-46DD-BAD3-24BA4034BC75}.Debug|Any CPU.Build.0 = Debug|Any CPU
		{3AA90DA8-ED0C-46DD-BAD3-24BA4034BC75}.Release|Any CPU.ActiveCfg = Release|Any CPU
		{3AA90DA8-ED0C-46DD-BAD3-24BA4034BC75}.Release|Any CPU.Build.0 = Release|Any CPU
		{E4763C17-2725-4202-AEA1-C2743BC1230A}.Debug|Any CPU.ActiveCfg = Debug|Any CPU
		{E4763C17-2725-4202-AEA1-C2743BC1230A}.Debug|Any CPU.Build.0 = Debug|Any CPU
		{E4763C17-2725-4202-AEA1-C2743BC1230A}.Release|Any CPU.ActiveCfg = Release|Any CPU
		{E4763C17-2725-4202-AEA1-C2743BC1230A}.Release|Any CPU.Build.0 = Release|Any CPU
		{8A161813-59B8-4B7D-AE98-66A8D8E99C70}.Debug|Any CPU.ActiveCfg = Debug|Any CPU
		{8A161813-59B8-4B7D-AE98-66A8D8E99C70}.Debug|Any CPU.Build.0 = Debug|Any CPU
		{8A161813-59B8-4B7D-AE98-66A8D8E99C70}.Release|Any CPU.ActiveCfg = Release|Any CPU
		{8A161813-59B8-4B7D-AE98-66A8D8E99C70}.Release|Any CPU.Build.0 = Release|Any CPU
		{D74692A0-EDA3-4898-AECD-B901918587A4}.Debug|Any CPU.ActiveCfg = Debug|Any CPU
		{D74692A0-EDA3-4898-AECD-B901918587A4}.Debug|Any CPU.Build.0 = Debug|Any CPU
		{D74692A0-EDA3-4898-AECD-B901918587A4}.Release|Any CPU.ActiveCfg = Release|Any CPU
		{D74692A0-EDA3-4898-AECD-B901918587A4}.Release|Any CPU.Build.0 = Release|Any CPU
	EndGlobalSection
	GlobalSection(SolutionProperties) = preSolution
		HideSolutionNode = FALSE
	EndGlobalSection
	GlobalSection(ExtensibilityGlobals) = postSolution
		SolutionGuid = {05A47061-CA9C-4AD0-9412-E16D9DE274AB}
	EndGlobalSection
EndGlobal
